
Microsoft Visual Studio Solution File, Format Version 12.00
#
Project("{2150E333-8FDC-42A3-9474-1A3956D46DE8}") = "_Syndigator", "_Syndigator", "{CCBE8BD1-5E4A-4395-B800-3F86193A822A}"
EndProject
Project("{2150E333-8FDC-42A3-9474-1A3956D46DE8}") = "Shared", "Shared", "{5129AA82-6346-4500-A764-CF1D30971622}"
EndProject
Project("{FAE04EC0-301F-11D3-BF4B-00C04F79EFBC}") = "mojofawad.Shared", "..\..\mojofawad\src\mojofawad.Shared\mojofawad.Shared.csproj", "{530CAAC2-7E78-40EB-9E09-EBD139B26BCF}"
EndProject
Project("{FAE04EC0-301F-11D3-BF4B-00C04F79EFBC}") = "mojofawad.Shared.Application", "..\..\mojofawad\src\mojofawad.Shared.Application\mojofawad.Shared.Application.csproj", "{3E276E38-E054-40FC-A699-033E6B937775}"
EndProject
Project("{FAE04EC0-301F-11D3-BF4B-00C04F79EFBC}") = "mojofawad.Shared.Domain", "..\..\mojofawad\src\mojofawad.Shared.Domain\mojofawad.Shared.Domain.csproj", "{4CF713E8-1B7D-439C-9854-5D0BE26D4111}"
EndProject
Project("{FAE04EC0-301F-11D3-BF4B-00C04F79EFBC}") = "mojofawad.Shared.Infrastructure", "..\..\mojofawad\src\mojofawad.Shared.Infrastructure\mojofawad.Shared.Infrastructure.csproj", "{B0698BC8-CB4A-41BF-B6FB-84BA080DDF3B}"
EndProject
Project("{FAE04EC0-301F-11D3-BF4B-00C04F79EFBC}") = "mojofawad.Shared.ArchTests", "..\..\mojofawad\tests\mojofawad.Shared.ArchTests\mojofawad.Shared.ArchTests.csproj", "{7B58A257-42B0-4392-BD54-6B69FB78460F}"
EndProject
Project("{FAE04EC0-301F-11D3-BF4B-00C04F79EFBC}") = "mojofawad.Shared.IntegrationTests", "..\..\mojofawad\tests\mojofawad.Shared.IntegrationTests\mojofawad.Shared.IntegrationTests.csproj", "{5FB0DA5C-7411-4C4D-A9F9-E9B474630636}"
EndProject
Project("{FAE04EC0-301F-11D3-BF4B-00C04F79EFBC}") = "mojofawad.Shared.UnitTests", "..\..\mojofawad\tests\mojofawad.Shared.UnitTests\mojofawad.Shared.UnitTests.csproj", "{5B75CFAF-8AFD-4C99-B690-E6CCA0DC03F1}"
EndProject
Project("{2150E333-8FDC-42A3-9474-1A3956D46DE8}") = "Feeds", "Feeds", "{14E26B26-544C-4343-BE0B-B54A518F15CA}"
EndProject
Project("{2150E333-8FDC-42A3-9474-1A3956D46DE8}") = "FeedProcessing", "FeedProcessing", "{BCC44C42-C980-44E8-8B3F-83D50625193C}"
EndProject
Project("{2150E333-8FDC-42A3-9474-1A3956D46DE8}") = "Articles", "Articles", "{B6439FA6-8CD0-453E-BB8E-D3B7FCC1D8B3}"
EndProject
Project("{2150E333-8FDC-42A3-9474-1A3956D46DE8}") = "UserProfiles", "UserProfiles", "{8E5C08AC-37EF-41BA-BEB2-C1E802C7EE2A}"
EndProject
Project("{2150E333-8FDC-42A3-9474-1A3956D46DE8}") = "Reading", "Reading", "{4588E67B-CC78-4B00-91A2-01AE090B4790}"
EndProject
Project("{2150E333-8FDC-42A3-9474-1A3956D46DE8}") = "Tests", "Tests", "{9529533E-736E-4586-A84F-A4073206E5D8}"
EndProject
Project("{2150E333-8FDC-42A3-9474-1A3956D46DE8}") = "Tests", "Tests", "{A21B7569-3BF7-4FBE-8E95-D3EA730A935B}"
EndProject
Project("{2150E333-8FDC-42A3-9474-1A3956D46DE8}") = "Tests", "Tests", "{243822C6-A47D-43D5-96D4-6226DBFB2F23}"
EndProject
Project("{2150E333-8FDC-42A3-9474-1A3956D46DE8}") = "Tests", "Tests", "{2FA8532C-FCAF-4C47-B5B8-A0D229664D9E}"
EndProject
Project("{2150E333-8FDC-42A3-9474-1A3956D46DE8}") = "Tests", "Tests", "{134414C8-AFCC-4F0D-84B8-8BABFEC4F202}"
EndProject
Project("{2150E333-8FDC-42A3-9474-1A3956D46DE8}") = "Tests", "Tests", "{601C01A6-0A5C-4A1C-AA7E-0F3B6CBCB6BB}"
EndProject
Project("{FAE04EC0-301F-11D3-BF4B-00C04F79EFBC}") = "Syndigator.Articles.IntegrationTests", "..\tests\Syndigator.Articles.IntegrationTests\Syndigator.Articles.IntegrationTests.csproj", "{D367C6EC-52B6-479E-B288-F845216ECF69}"
EndProject
Project("{FAE04EC0-301F-11D3-BF4B-00C04F79EFBC}") = "Syndigator.Articles.UnitTests", "..\tests\Syndigator.Articles.UnitTests\Syndigator.Articles.UnitTests.csproj", "{07FC20D1-290A-4156-B0AC-215D18B08795}"
EndProject
Project("{FAE04EC0-301F-11D3-BF4B-00C04F79EFBC}") = "Syndigator.FeedProcessing.UnitTests", "..\tests\Syndigator.FeedProcessing.UnitTests\Syndigator.FeedProcessing.UnitTests.csproj", "{049B5B6E-802D-4902-BC13-D8838B39E48B}"
EndProject
Project("{FAE04EC0-301F-11D3-BF4B-00C04F79EFBC}") = "Syndigator.FeedProcessing.IntegrationTests", "..\tests\Syndigator.FeedProcessing.IntegrationTests\Syndigator.FeedProcessing.IntegrationTests.csproj", "{E49B418D-7B7A-466E-A56E-0D221F19CDFF}"
EndProject
Project("{FAE04EC0-301F-11D3-BF4B-00C04F79EFBC}") = "Syndigator.Feeds.UnitTests", "..\tests\Syndigator.Feeds.UnitTests\Syndigator.Feeds.UnitTests.csproj", "{C309AB9A-0156-48C5-859F-C49565F2C5E2}"
EndProject
Project("{FAE04EC0-301F-11D3-BF4B-00C04F79EFBC}") = "Syndigator.Feeds.IntegrationTests", "..\tests\Syndigator.Feeds.IntegrationTests\Syndigator.Feeds.IntegrationTests.csproj", "{4B7208D3-52CF-42C7-A896-BD098CBBE868}"
EndProject
Project("{FAE04EC0-301F-11D3-BF4B-00C04F79EFBC}") = "Syndigator.Reading.UnitTests", "..\tests\Syndigator.Reading.UnitTests\Syndigator.Reading.UnitTests.csproj", "{32A6F7E8-3576-4BA7-A0B8-F9E806C23875}"
EndProject
Project("{FAE04EC0-301F-11D3-BF4B-00C04F79EFBC}") = "Syndigator.Reading.IntegrationTests", "..\tests\Syndigator.Reading.IntegrationTests\Syndigator.Reading.IntegrationTests.csproj", "{6F610133-64A0-4CF8-AA85-31374308DC81}"
EndProject
Project("{FAE04EC0-301F-11D3-BF4B-00C04F79EFBC}") = "Syndigator.UserProfiles.UnitTests", "..\tests\Syndigator.UserProfiles.UnitTests\Syndigator.UserProfiles.UnitTests.csproj", "{83A0ECBC-1145-4DD8-BBCB-DE491528711A}"
EndProject
Project("{FAE04EC0-301F-11D3-BF4B-00C04F79EFBC}") = "Syndigator.UserProfiles.IntegrationTests", "..\tests\Syndigator.UserProfiles.IntegrationTests\Syndigator.UserProfiles.IntegrationTests.csproj", "{148DABA1-9B40-4030-A47D-7909FEC3A68E}"
EndProject
Project("{FAE04EC0-301F-11D3-BF4B-00C04F79EFBC}") = "Syndigator.UserProfiles", "Syndigator.UserProfiles\Syndigator.UserProfiles.csproj", "{989A3DA3-9487-44B7-A536-26E76852568B}"
EndProject
Project("{FAE04EC0-301F-11D3-BF4B-00C04F79EFBC}") = "Syndigator.UserProfiles.Application", "Syndigator.UserProfiles.Application\Syndigator.UserProfiles.Application.csproj", "{19BEA0D2-1920-416C-AFF0-7A52FCC41556}"
EndProject
Project("{FAE04EC0-301F-11D3-BF4B-00C04F79EFBC}") = "Syndigator.UserProfiles.Domain", "Syndigator.UserProfiles.Domain\Syndigator.UserProfiles.Domain.csproj", "{C60B967E-095C-4357-BE01-591340C038AB}"
EndProject
Project("{FAE04EC0-301F-11D3-BF4B-00C04F79EFBC}") = "Syndigator.UserProfiles.Infrastructure", "Syndigator.UserProfiles.Infrastructure\Syndigator.UserProfiles.Infrastructure.csproj", "{324CBB20-C3E8-4CF6-8442-CED6DB7B235F}"
EndProject
Project("{FAE04EC0-301F-11D3-BF4B-00C04F79EFBC}") = "Syndigator.Reading", "Syndigator.Reading\Syndigator.Reading.csproj", "{C0C9B774-1F1D-4D4D-9DCE-BD2E6E94FD94}"
EndProject
Project("{FAE04EC0-301F-11D3-BF4B-00C04F79EFBC}") = "Syndigator.Reading.Application", "Syndigator.Reading.Application\Syndigator.Reading.Application.csproj", "{7B1C60A8-F330-47E8-8EB2-5C4ABC1AE61C}"
EndProject
Project("{FAE04EC0-301F-11D3-BF4B-00C04F79EFBC}") = "Syndigator.Reading.Domain", "Syndigator.Reading.Domain\Syndigator.Reading.Domain.csproj", "{6F2DB24A-519B-45EE-AC71-82AB8FCE7B0C}"
EndProject
Project("{FAE04EC0-301F-11D3-BF4B-00C04F79EFBC}") = "Syndigator.Reading.Infrastructure", "Syndigator.Reading.Infrastructure\Syndigator.Reading.Infrastructure.csproj", "{F42E2AF2-960F-4F89-A610-F0257E0B9764}"
EndProject
Project("{FAE04EC0-301F-11D3-BF4B-00C04F79EFBC}") = "Syndigator.Feeds", "Syndigator.Feeds\Syndigator.Feeds.csproj", "{98D14308-55EC-49FB-8A62-2D51A0F3B350}"
EndProject
Project("{FAE04EC0-301F-11D3-BF4B-00C04F79EFBC}") = "Syndigator.Feeds.Application", "Syndigator.Feeds.Application\Syndigator.Feeds.Application.csproj", "{24673C0C-A1A4-4CC9-B81A-2A46ED17C587}"
EndProject
Project("{FAE04EC0-301F-11D3-BF4B-00C04F79EFBC}") = "Syndigator.Feeds.Domain", "Syndigator.Feeds.Domain\Syndigator.Feeds.Domain.csproj", "{2E96EB7B-4014-4961-898C-0EA3A26BB90D}"
EndProject
Project("{FAE04EC0-301F-11D3-BF4B-00C04F79EFBC}") = "Syndigator.Feeds.Infrastructure", "Syndigator.Feeds.Infrastructure\Syndigator.Feeds.Infrastructure.csproj", "{5A2985A3-66B7-4DBF-8EE3-375F1CA87781}"
EndProject
Project("{FAE04EC0-301F-11D3-BF4B-00C04F79EFBC}") = "Syndigator.FeedProcessing", "Syndigator.FeedProcessing\Syndigator.FeedProcessing.csproj", "{18075870-84CA-4BA1-8CEE-A3ADB424DBA7}"
EndProject
Project("{FAE04EC0-301F-11D3-BF4B-00C04F79EFBC}") = "Syndigator.FeedProcessing.Application", "Syndigator.FeedProcessing.Application\Syndigator.FeedProcessing.Application.csproj", "{0CACE1A4-51C1-4872-8F2A-E978252070FA}"
EndProject
Project("{FAE04EC0-301F-11D3-BF4B-00C04F79EFBC}") = "Syndigator.FeedProcessing.Domain", "Syndigator.FeedProcessing.Domain\Syndigator.FeedProcessing.Domain.csproj", "{35078865-7E81-4D70-875F-2DE3B63799F2}"
EndProject
Project("{FAE04EC0-301F-11D3-BF4B-00C04F79EFBC}") = "Syndigator.FeedProcessing.Infrastructure", "Syndigator.FeedProcessing.Infrastructure\Syndigator.FeedProcessing.Infrastructure.csproj", "{2967E4D2-57B9-4408-A170-9CC0DE13979C}"
EndProject
Project("{FAE04EC0-301F-11D3-BF4B-00C04F79EFBC}") = "Syndigator.Articles", "Syndigator.Articles\Syndigator.Articles.csproj", "{F45B5E0D-B2E1-4011-A1C3-BB03EF82783C}"
EndProject
Project("{FAE04EC0-301F-11D3-BF4B-00C04F79EFBC}") = "Syndigator.Articles.Application", "Syndigator.Articles.Application\Syndigator.Articles.Application.csproj", "{3B159101-26CC-494F-B8CE-F7C478E79740}"
EndProject
Project("{FAE04EC0-301F-11D3-BF4B-00C04F79EFBC}") = "Syndigator.Articles.Domain", "Syndigator.Articles.Domain\Syndigator.Articles.Domain.csproj", "{C454674B-DDDC-4A95-92FF-6AD4D318DC0E}"
EndProject
Project("{FAE04EC0-301F-11D3-BF4B-00C04F79EFBC}") = "Syndigator.Articles.Infrastructure", "Syndigator.Articles.Infrastructure\Syndigator.Articles.Infrastructure.csproj", "{66B42BD5-C5FB-45ED-9F51-4174B1510A51}"
EndProject
Global
	GlobalSection(SolutionConfigurationPlatforms) = preSolution
		Debug|Any CPU = Debug|Any CPU
		Release|Any CPU = Release|Any CPU
	EndGlobalSection
	GlobalSection(NestedProjects) = preSolution
		{530CAAC2-7E78-40EB-9E09-EBD139B26BCF} = {5129AA82-6346-4500-A764-CF1D30971622}
		{14E26B26-544C-4343-BE0B-B54A518F15CA} = {CCBE8BD1-5E4A-4395-B800-3F86193A822A}
		{BCC44C42-C980-44E8-8B3F-83D50625193C} = {CCBE8BD1-5E4A-4395-B800-3F86193A822A}
		{B6439FA6-8CD0-453E-BB8E-D3B7FCC1D8B3} = {CCBE8BD1-5E4A-4395-B800-3F86193A822A}
		{8E5C08AC-37EF-41BA-BEB2-C1E802C7EE2A} = {CCBE8BD1-5E4A-4395-B800-3F86193A822A}
		{4588E67B-CC78-4B00-91A2-01AE090B4790} = {CCBE8BD1-5E4A-4395-B800-3F86193A822A}
		{9529533E-736E-4586-A84F-A4073206E5D8} = {5129AA82-6346-4500-A764-CF1D30971622}
		{7B58A257-42B0-4392-BD54-6B69FB78460F} = {9529533E-736E-4586-A84F-A4073206E5D8}
		{5FB0DA5C-7411-4C4D-A9F9-E9B474630636} = {9529533E-736E-4586-A84F-A4073206E5D8}
		{5B75CFAF-8AFD-4C99-B690-E6CCA0DC03F1} = {9529533E-736E-4586-A84F-A4073206E5D8}
		{3E276E38-E054-40FC-A699-033E6B937775} = {5129AA82-6346-4500-A764-CF1D30971622}
		{4CF713E8-1B7D-439C-9854-5D0BE26D4111} = {5129AA82-6346-4500-A764-CF1D30971622}
		{B0698BC8-CB4A-41BF-B6FB-84BA080DDF3B} = {5129AA82-6346-4500-A764-CF1D30971622}
		{A21B7569-3BF7-4FBE-8E95-D3EA730A935B} = {8E5C08AC-37EF-41BA-BEB2-C1E802C7EE2A}
		{243822C6-A47D-43D5-96D4-6226DBFB2F23} = {4588E67B-CC78-4B00-91A2-01AE090B4790}
		{2FA8532C-FCAF-4C47-B5B8-A0D229664D9E} = {14E26B26-544C-4343-BE0B-B54A518F15CA}
		{134414C8-AFCC-4F0D-84B8-8BABFEC4F202} = {BCC44C42-C980-44E8-8B3F-83D50625193C}
		{601C01A6-0A5C-4A1C-AA7E-0F3B6CBCB6BB} = {B6439FA6-8CD0-453E-BB8E-D3B7FCC1D8B3}
		{D367C6EC-52B6-479E-B288-F845216ECF69} = {601C01A6-0A5C-4A1C-AA7E-0F3B6CBCB6BB}
		{07FC20D1-290A-4156-B0AC-215D18B08795} = {601C01A6-0A5C-4A1C-AA7E-0F3B6CBCB6BB}
		{049B5B6E-802D-4902-BC13-D8838B39E48B} = {134414C8-AFCC-4F0D-84B8-8BABFEC4F202}
		{E49B418D-7B7A-466E-A56E-0D221F19CDFF} = {134414C8-AFCC-4F0D-84B8-8BABFEC4F202}
		{C309AB9A-0156-48C5-859F-C49565F2C5E2} = {2FA8532C-FCAF-4C47-B5B8-A0D229664D9E}
		{4B7208D3-52CF-42C7-A896-BD098CBBE868} = {2FA8532C-FCAF-4C47-B5B8-A0D229664D9E}
		{32A6F7E8-3576-4BA7-A0B8-F9E806C23875} = {243822C6-A47D-43D5-96D4-6226DBFB2F23}
		{6F610133-64A0-4CF8-AA85-31374308DC81} = {243822C6-A47D-43D5-96D4-6226DBFB2F23}
		{83A0ECBC-1145-4DD8-BBCB-DE491528711A} = {A21B7569-3BF7-4FBE-8E95-D3EA730A935B}
		{148DABA1-9B40-4030-A47D-7909FEC3A68E} = {A21B7569-3BF7-4FBE-8E95-D3EA730A935B}
		{989A3DA3-9487-44B7-A536-26E76852568B} = {8E5C08AC-37EF-41BA-BEB2-C1E802C7EE2A}
		{19BEA0D2-1920-416C-AFF0-7A52FCC41556} = {8E5C08AC-37EF-41BA-BEB2-C1E802C7EE2A}
		{C60B967E-095C-4357-BE01-591340C038AB} = {8E5C08AC-37EF-41BA-BEB2-C1E802C7EE2A}
		{324CBB20-C3E8-4CF6-8442-CED6DB7B235F} = {8E5C08AC-37EF-41BA-BEB2-C1E802C7EE2A}
		{C0C9B774-1F1D-4D4D-9DCE-BD2E6E94FD94} = {4588E67B-CC78-4B00-91A2-01AE090B4790}
		{7B1C60A8-F330-47E8-8EB2-5C4ABC1AE61C} = {4588E67B-CC78-4B00-91A2-01AE090B4790}
		{6F2DB24A-519B-45EE-AC71-82AB8FCE7B0C} = {4588E67B-CC78-4B00-91A2-01AE090B4790}
		{F42E2AF2-960F-4F89-A610-F0257E0B9764} = {4588E67B-CC78-4B00-91A2-01AE090B4790}
		{98D14308-55EC-49FB-8A62-2D51A0F3B350} = {14E26B26-544C-4343-BE0B-B54A518F15CA}
		{24673C0C-A1A4-4CC9-B81A-2A46ED17C587} = {14E26B26-544C-4343-BE0B-B54A518F15CA}
		{2E96EB7B-4014-4961-898C-0EA3A26BB90D} = {14E26B26-544C-4343-BE0B-B54A518F15CA}
		{5A2985A3-66B7-4DBF-8EE3-375F1CA87781} = {14E26B26-544C-4343-BE0B-B54A518F15CA}
		{18075870-84CA-4BA1-8CEE-A3ADB424DBA7} = {BCC44C42-C980-44E8-8B3F-83D50625193C}
		{0CACE1A4-51C1-4872-8F2A-E978252070FA} = {BCC44C42-C980-44E8-8B3F-83D50625193C}
		{35078865-7E81-4D70-875F-2DE3B63799F2} = {BCC44C42-C980-44E8-8B3F-83D50625193C}
		{2967E4D2-57B9-4408-A170-9CC0DE13979C} = {BCC44C42-C980-44E8-8B3F-83D50625193C}
		{F45B5E0D-B2E1-4011-A1C3-BB03EF82783C} = {B6439FA6-8CD0-453E-BB8E-D3B7FCC1D8B3}
		{3B159101-26CC-494F-B8CE-F7C478E79740} = {B6439FA6-8CD0-453E-BB8E-D3B7FCC1D8B3}
		{C454674B-DDDC-4A95-92FF-6AD4D318DC0E} = {B6439FA6-8CD0-453E-BB8E-D3B7FCC1D8B3}
		{66B42BD5-C5FB-45ED-9F51-4174B1510A51} = {B6439FA6-8CD0-453E-BB8E-D3B7FCC1D8B3}
	EndGlobalSection
	GlobalSection(ProjectConfigurationPlatforms) = postSolution
		{530CAAC2-7E78-40EB-9E09-EBD139B26BCF}.Debug|Any CPU.ActiveCfg = Debug|Any CPU
		{530CAAC2-7E78-40EB-9E09-EBD139B26BCF}.Debug|Any CPU.Build.0 = Debug|Any CPU
		{530CAAC2-7E78-40EB-9E09-EBD139B26BCF}.Release|Any CPU.ActiveCfg = Release|Any CPU
		{530CAAC2-7E78-40EB-9E09-EBD139B26BCF}.Release|Any CPU.Build.0 = Release|Any CPU
		{3E276E38-E054-40FC-A699-033E6B937775}.Debug|Any CPU.ActiveCfg = Debug|Any CPU
		{3E276E38-E054-40FC-A699-033E6B937775}.Debug|Any CPU.Build.0 = Debug|Any CPU
		{3E276E38-E054-40FC-A699-033E6B937775}.Release|Any CPU.ActiveCfg = Release|Any CPU
		{3E276E38-E054-40FC-A699-033E6B937775}.Release|Any CPU.Build.0 = Release|Any CPU
		{4CF713E8-1B7D-439C-9854-5D0BE26D4111}.Debug|Any CPU.ActiveCfg = Debug|Any CPU
		{4CF713E8-1B7D-439C-9854-5D0BE26D4111}.Debug|Any CPU.Build.0 = Debug|Any CPU
		{4CF713E8-1B7D-439C-9854-5D0BE26D4111}.Release|Any CPU.ActiveCfg = Release|Any CPU
		{4CF713E8-1B7D-439C-9854-5D0BE26D4111}.Release|Any CPU.Build.0 = Release|Any CPU
		{B0698BC8-CB4A-41BF-B6FB-84BA080DDF3B}.Debug|Any CPU.ActiveCfg = Debug|Any CPU
		{B0698BC8-CB4A-41BF-B6FB-84BA080DDF3B}.Debug|Any CPU.Build.0 = Debug|Any CPU
		{B0698BC8-CB4A-41BF-B6FB-84BA080DDF3B}.Release|Any CPU.ActiveCfg = Release|Any CPU
		{B0698BC8-CB4A-41BF-B6FB-84BA080DDF3B}.Release|Any CPU.Build.0 = Release|Any CPU
		{7B58A257-42B0-4392-BD54-6B69FB78460F}.Debug|Any CPU.ActiveCfg = Debug|Any CPU
		{7B58A257-42B0-4392-BD54-6B69FB78460F}.Debug|Any CPU.Build.0 = Debug|Any CPU
		{7B58A257-42B0-4392-BD54-6B69FB78460F}.Release|Any CPU.ActiveCfg = Release|Any CPU
		{7B58A257-42B0-4392-BD54-6B69FB78460F}.Release|Any CPU.Build.0 = Release|Any CPU
		{5FB0DA5C-7411-4C4D-A9F9-E9B474630636}.Debug|Any CPU.ActiveCfg = Debug|Any CPU
		{5FB0DA5C-7411-4C4D-A9F9-E9B474630636}.Debug|Any CPU.Build.0 = Debug|Any CPU
		{5FB0DA5C-7411-4C4D-A9F9-E9B474630636}.Release|Any CPU.ActiveCfg = Release|Any CPU
		{5FB0DA5C-7411-4C4D-A9F9-E9B474630636}.Release|Any CPU.Build.0 = Release|Any CPU
		{5B75CFAF-8AFD-4C99-B690-E6CCA0DC03F1}.Debug|Any CPU.ActiveCfg = Debug|Any CPU
		{5B75CFAF-8AFD-4C99-B690-E6CCA0DC03F1}.Debug|Any CPU.Build.0 = Debug|Any CPU
		{5B75CFAF-8AFD-4C99-B690-E6CCA0DC03F1}.Release|Any CPU.ActiveCfg = Release|Any CPU
		{5B75CFAF-8AFD-4C99-B690-E6CCA0DC03F1}.Release|Any CPU.Build.0 = Release|Any CPU
		{D367C6EC-52B6-479E-B288-F845216ECF69}.Debug|Any CPU.ActiveCfg = Debug|Any CPU
		{D367C6EC-52B6-479E-B288-F845216ECF69}.Debug|Any CPU.Build.0 = Debug|Any CPU
		{D367C6EC-52B6-479E-B288-F845216ECF69}.Release|Any CPU.ActiveCfg = Release|Any CPU
		{D367C6EC-52B6-479E-B288-F845216ECF69}.Release|Any CPU.Build.0 = Release|Any CPU
		{07FC20D1-290A-4156-B0AC-215D18B08795}.Debug|Any CPU.ActiveCfg = Debug|Any CPU
		{07FC20D1-290A-4156-B0AC-215D18B08795}.Debug|Any CPU.Build.0 = Debug|Any CPU
		{07FC20D1-290A-4156-B0AC-215D18B08795}.Release|Any CPU.ActiveCfg = Release|Any CPU
		{07FC20D1-290A-4156-B0AC-215D18B08795}.Release|Any CPU.Build.0 = Release|Any CPU
		{049B5B6E-802D-4902-BC13-D8838B39E48B}.Debug|Any CPU.ActiveCfg = Debug|Any CPU
		{049B5B6E-802D-4902-BC13-D8838B39E48B}.Debug|Any CPU.Build.0 = Debug|Any CPU
		{049B5B6E-802D-4902-BC13-D8838B39E48B}.Release|Any CPU.ActiveCfg = Release|Any CPU
		{049B5B6E-802D-4902-BC13-D8838B39E48B}.Release|Any CPU.Build.0 = Release|Any CPU
		{E49B418D-7B7A-466E-A56E-0D221F19CDFF}.Debug|Any CPU.ActiveCfg = Debug|Any CPU
		{E49B418D-7B7A-466E-A56E-0D221F19CDFF}.Debug|Any CPU.Build.0 = Debug|Any CPU
		{E49B418D-7B7A-466E-A56E-0D221F19CDFF}.Release|Any CPU.ActiveCfg = Release|Any CPU
		{E49B418D-7B7A-466E-A56E-0D221F19CDFF}.Release|Any CPU.Build.0 = Release|Any CPU
		{C309AB9A-0156-48C5-859F-C49565F2C5E2}.Debug|Any CPU.ActiveCfg = Debug|Any CPU
		{C309AB9A-0156-48C5-859F-C49565F2C5E2}.Debug|Any CPU.Build.0 = Debug|Any CPU
		{C309AB9A-0156-48C5-859F-C49565F2C5E2}.Release|Any CPU.ActiveCfg = Release|Any CPU
		{C309AB9A-0156-48C5-859F-C49565F2C5E2}.Release|Any CPU.Build.0 = Release|Any CPU
		{4B7208D3-52CF-42C7-A896-BD098CBBE868}.Debug|Any CPU.ActiveCfg = Debug|Any CPU
		{4B7208D3-52CF-42C7-A896-BD098CBBE868}.Debug|Any CPU.Build.0 = Debug|Any CPU
		{4B7208D3-52CF-42C7-A896-BD098CBBE868}.Release|Any CPU.ActiveCfg = Release|Any CPU
		{4B7208D3-52CF-42C7-A896-BD098CBBE868}.Release|Any CPU.Build.0 = Release|Any CPU
		{32A6F7E8-3576-4BA7-A0B8-F9E806C23875}.Debug|Any CPU.ActiveCfg = Debug|Any CPU
		{32A6F7E8-3576-4BA7-A0B8-F9E806C23875}.Debug|Any CPU.Build.0 = Debug|Any CPU
		{32A6F7E8-3576-4BA7-A0B8-F9E806C23875}.Release|Any CPU.ActiveCfg = Release|Any CPU
		{32A6F7E8-3576-4BA7-A0B8-F9E806C23875}.Release|Any CPU.Build.0 = Release|Any CPU
		{6F610133-64A0-4CF8-AA85-31374308DC81}.Debug|Any CPU.ActiveCfg = Debug|Any CPU
		{6F610133-64A0-4CF8-AA85-31374308DC81}.Debug|Any CPU.Build.0 = Debug|Any CPU
		{6F610133-64A0-4CF8-AA85-31374308DC81}.Release|Any CPU.ActiveCfg = Release|Any CPU
		{6F610133-64A0-4CF8-AA85-31374308DC81}.Release|Any CPU.Build.0 = Release|Any CPU
		{83A0ECBC-1145-4DD8-BBCB-DE491528711A}.Debug|Any CPU.ActiveCfg = Debug|Any CPU
		{83A0ECBC-1145-4DD8-BBCB-DE491528711A}.Debug|Any CPU.Build.0 = Debug|Any CPU
		{83A0ECBC-1145-4DD8-BBCB-DE491528711A}.Release|Any CPU.ActiveCfg = Release|Any CPU
		{83A0ECBC-1145-4DD8-BBCB-DE491528711A}.Release|Any CPU.Build.0 = Release|Any CPU
		{148DABA1-9B40-4030-A47D-7909FEC3A68E}.Debug|Any CPU.ActiveCfg = Debug|Any CPU
		{148DABA1-9B40-4030-A47D-7909FEC3A68E}.Debug|Any CPU.Build.0 = Debug|Any CPU
		{148DABA1-9B40-4030-A47D-7909FEC3A68E}.Release|Any CPU.ActiveCfg = Release|Any CPU
		{148DABA1-9B40-4030-A47D-7909FEC3A68E}.Release|Any CPU.Build.0 = Release|Any CPU
		{989A3DA3-9487-44B7-A536-26E76852568B}.Debug|Any CPU.ActiveCfg = Debug|Any CPU
		{989A3DA3-9487-44B7-A536-26E76852568B}.Debug|Any CPU.Build.0 = Debug|Any CPU
		{989A3DA3-9487-44B7-A536-26E76852568B}.Release|Any CPU.ActiveCfg = Release|Any CPU
		{989A3DA3-9487-44B7-A536-26E76852568B}.Release|Any CPU.Build.0 = Release|Any CPU
		{19BEA0D2-1920-416C-AFF0-7A52FCC41556}.Debug|Any CPU.ActiveCfg = Debug|Any CPU
		{19BEA0D2-1920-416C-AFF0-7A52FCC41556}.Debug|Any CPU.Build.0 = Debug|Any CPU
		{19BEA0D2-1920-416C-AFF0-7A52FCC41556}.Release|Any CPU.ActiveCfg = Release|Any CPU
		{19BEA0D2-1920-416C-AFF0-7A52FCC41556}.Release|Any CPU.Build.0 = Release|Any CPU
		{C60B967E-095C-4357-BE01-591340C038AB}.Debug|Any CPU.ActiveCfg = Debug|Any CPU
		{C60B967E-095C-4357-BE01-591340C038AB}.Debug|Any CPU.Build.0 = Debug|Any CPU
		{C60B967E-095C-4357-BE01-591340C038AB}.Release|Any CPU.ActiveCfg = Release|Any CPU
		{C60B967E-095C-4357-BE01-591340C038AB}.Release|Any CPU.Build.0 = Release|Any CPU
		{324CBB20-C3E8-4CF6-8442-CED6DB7B235F}.Debug|Any CPU.ActiveCfg = Debug|Any CPU
		{324CBB20-C3E8-4CF6-8442-CED6DB7B235F}.Debug|Any CPU.Build.0 = Debug|Any CPU
		{324CBB20-C3E8-4CF6-8442-CED6DB7B235F}.Release|Any CPU.ActiveCfg = Release|Any CPU
		{324CBB20-C3E8-4CF6-8442-CED6DB7B235F}.Release|Any CPU.Build.0 = Release|Any CPU
		{C0C9B774-1F1D-4D4D-9DCE-BD2E6E94FD94}.Debug|Any CPU.ActiveCfg = Debug|Any CPU
		{C0C9B774-1F1D-4D4D-9DCE-BD2E6E94FD94}.Debug|Any CPU.Build.0 = Debug|Any CPU
		{C0C9B774-1F1D-4D4D-9DCE-BD2E6E94FD94}.Release|Any CPU.ActiveCfg = Release|Any CPU
		{C0C9B774-1F1D-4D4D-9DCE-BD2E6E94FD94}.Release|Any CPU.Build.0 = Release|Any CPU
		{7B1C60A8-F330-47E8-8EB2-5C4ABC1AE61C}.Debug|Any CPU.ActiveCfg = Debug|Any CPU
		{7B1C60A8-F330-47E8-8EB2-5C4ABC1AE61C}.Debug|Any CPU.Build.0 = Debug|Any CPU
		{7B1C60A8-F330-47E8-8EB2-5C4ABC1AE61C}.Release|Any CPU.ActiveCfg = Release|Any CPU
		{7B1C60A8-F330-47E8-8EB2-5C4ABC1AE61C}.Release|Any CPU.Build.0 = Release|Any CPU
		{6F2DB24A-519B-45EE-AC71-82AB8FCE7B0C}.Debug|Any CPU.ActiveCfg = Debug|Any CPU
		{6F2DB24A-519B-45EE-AC71-82AB8FCE7B0C}.Debug|Any CPU.Build.0 = Debug|Any CPU
		{6F2DB24A-519B-45EE-AC71-82AB8FCE7B0C}.Release|Any CPU.ActiveCfg = Release|Any CPU
		{6F2DB24A-519B-45EE-AC71-82AB8FCE7B0C}.Release|Any CPU.Build.0 = Release|Any CPU
		{F42E2AF2-960F-4F89-A610-F0257E0B9764}.Debug|Any CPU.ActiveCfg = Debug|Any CPU
		{F42E2AF2-960F-4F89-A610-F0257E0B9764}.Debug|Any CPU.Build.0 = Debug|Any CPU
		{F42E2AF2-960F-4F89-A610-F0257E0B9764}.Release|Any CPU.ActiveCfg = Release|Any CPU
		{F42E2AF2-960F-4F89-A610-F0257E0B9764}.Release|Any CPU.Build.0 = Release|Any CPU
		{98D14308-55EC-49FB-8A62-2D51A0F3B350}.Debug|Any CPU.ActiveCfg = Debug|Any CPU
		{98D14308-55EC-49FB-8A62-2D51A0F3B350}.Debug|Any CPU.Build.0 = Debug|Any CPU
		{98D14308-55EC-49FB-8A62-2D51A0F3B350}.Release|Any CPU.ActiveCfg = Release|Any CPU
		{98D14308-55EC-49FB-8A62-2D51A0F3B350}.Release|Any CPU.Build.0 = Release|Any CPU
		{24673C0C-A1A4-4CC9-B81A-2A46ED17C587}.Debug|Any CPU.ActiveCfg = Debug|Any CPU
		{24673C0C-A1A4-4CC9-B81A-2A46ED17C587}.Debug|Any CPU.Build.0 = Debug|Any CPU
		{24673C0C-A1A4-4CC9-B81A-2A46ED17C587}.Release|Any CPU.ActiveCfg = Release|Any CPU
		{24673C0C-A1A4-4CC9-B81A-2A46ED17C587}.Release|Any CPU.Build.0 = Release|Any CPU
		{2E96EB7B-4014-4961-898C-0EA3A26BB90D}.Debug|Any CPU.ActiveCfg = Debug|Any CPU
		{2E96EB7B-4014-4961-898C-0EA3A26BB90D}.Debug|Any CPU.Build.0 = Debug|Any CPU
		{2E96EB7B-4014-4961-898C-0EA3A26BB90D}.Release|Any CPU.ActiveCfg = Release|Any CPU
		{2E96EB7B-4014-4961-898C-0EA3A26BB90D}.Release|Any CPU.Build.0 = Release|Any CPU
		{5A2985A3-66B7-4DBF-8EE3-375F1CA87781}.Debug|Any CPU.ActiveCfg = Debug|Any CPU
		{5A2985A3-66B7-4DBF-8EE3-375F1CA87781}.Debug|Any CPU.Build.0 = Debug|Any CPU
		{5A2985A3-66B7-4DBF-8EE3-375F1CA87781}.Release|Any CPU.ActiveCfg = Release|Any CPU
		{5A2985A3-66B7-4DBF-8EE3-375F1CA87781}.Release|Any CPU.Build.0 = Release|Any CPU
		{18075870-84CA-4BA1-8CEE-A3ADB424DBA7}.Debug|Any CPU.ActiveCfg = Debug|Any CPU
		{18075870-84CA-4BA1-8CEE-A3ADB424DBA7}.Debug|Any CPU.Build.0 = Debug|Any CPU
		{18075870-84CA-4BA1-8CEE-A3ADB424DBA7}.Release|Any CPU.ActiveCfg = Release|Any CPU
		{18075870-84CA-4BA1-8CEE-A3ADB424DBA7}.Release|Any CPU.Build.0 = Release|Any CPU
		{0CACE1A4-51C1-4872-8F2A-E978252070FA}.Debug|Any CPU.ActiveCfg = Debug|Any CPU
		{0CACE1A4-51C1-4872-8F2A-E978252070FA}.Debug|Any CPU.Build.0 = Debug|Any CPU
		{0CACE1A4-51C1-4872-8F2A-E978252070FA}.Release|Any CPU.ActiveCfg = Release|Any CPU
		{0CACE1A4-51C1-4872-8F2A-E978252070FA}.Release|Any CPU.Build.0 = Release|Any CPU
		{35078865-7E81-4D70-875F-2DE3B63799F2}.Debug|Any CPU.ActiveCfg = Debug|Any CPU
		{35078865-7E81-4D70-875F-2DE3B63799F2}.Debug|Any CPU.Build.0 = Debug|Any CPU
		{35078865-7E81-4D70-875F-2DE3B63799F2}.Release|Any CPU.ActiveCfg = Release|Any CPU
		{35078865-7E81-4D70-875F-2DE3B63799F2}.Release|Any CPU.Build.0 = Release|Any CPU
		{2967E4D2-57B9-4408-A170-9CC0DE13979C}.Debug|Any CPU.ActiveCfg = Debug|Any CPU
		{2967E4D2-57B9-4408-A170-9CC0DE13979C}.Debug|Any CPU.Build.0 = Debug|Any CPU
		{2967E4D2-57B9-4408-A170-9CC0DE13979C}.Release|Any CPU.ActiveCfg = Release|Any CPU
		{2967E4D2-57B9-4408-A170-9CC0DE13979C}.Release|Any CPU.Build.0 = Release|Any CPU
		{F45B5E0D-B2E1-4011-A1C3-BB03EF82783C}.Debug|Any CPU.ActiveCfg = Debug|Any CPU
		{F45B5E0D-B2E1-4011-A1C3-BB03EF82783C}.Debug|Any CPU.Build.0 = Debug|Any CPU
		{F45B5E0D-B2E1-4011-A1C3-BB03EF82783C}.Release|Any CPU.ActiveCfg = Release|Any CPU
		{F45B5E0D-B2E1-4011-A1C3-BB03EF82783C}.Release|Any CPU.Build.0 = Release|Any CPU
		{3B159101-26CC-494F-B8CE-F7C478E79740}.Debug|Any CPU.ActiveCfg = Debug|Any CPU
		{3B159101-26CC-494F-B8CE-F7C478E79740}.Debug|Any CPU.Build.0 = Debug|Any CPU
		{3B159101-26CC-494F-B8CE-F7C478E79740}.Release|Any CPU.ActiveCfg = Release|Any CPU
		{3B159101-26CC-494F-B8CE-F7C478E79740}.Release|Any CPU.Build.0 = Release|Any CPU
		{C454674B-DDDC-4A95-92FF-6AD4D318DC0E}.Debug|Any CPU.ActiveCfg = Debug|Any CPU
		{C454674B-DDDC-4A95-92FF-6AD4D318DC0E}.Debug|Any CPU.Build.0 = Debug|Any CPU
		{C454674B-DDDC-4A95-92FF-6AD4D318DC0E}.Release|Any CPU.ActiveCfg = Release|Any CPU
		{C454674B-DDDC-4A95-92FF-6AD4D318DC0E}.Release|Any CPU.Build.0 = Release|Any CPU
		{66B42BD5-C5FB-45ED-9F51-4174B1510A51}.Debug|Any CPU.ActiveCfg = Debug|Any CPU
		{66B42BD5-C5FB-45ED-9F51-4174B1510A51}.Debug|Any CPU.Build.0 = Debug|Any CPU
		{66B42BD5-C5FB-45ED-9F51-4174B1510A51}.Release|Any CPU.ActiveCfg = Release|Any CPU
		{66B42BD5-C5FB-45ED-9F51-4174B1510A51}.Release|Any CPU.Build.0 = Release|Any CPU
	EndGlobalSection
EndGlobal
