
Microsoft Visual Studio Solution File, Format Version 12.00
Project("{2150E333-8FDC-42A3-9474-1A3956D46DE8}") = "_Syndigator", "_Syndigator", "{CCBE8BD1-5E4A-4395-B800-3F86193A822A}"
EndProject
Project("{2150E333-8FDC-42A3-9474-1A3956D46DE8}") = "Shared", "Shared", "{5129AA82-6346-4500-A764-CF1D30971622}"
EndProject
Project("{2150E333-8FDC-42A3-9474-1A3956D46DE8}") = "Tests", "Tests", "{87C084A1-1808-4637-BAE8-9FFAE4640A68}"
EndProject
Project("{FAE04EC0-301F-11D3-BF4B-00C04F79EFBC}") = "Syndigator.Tests", "..\tests\Syndigator.Tests\Syndigator.Tests.csproj", "{EA862E0F-3B78-44B8-8AF4-0D2A35E6373E}"
EndProject
Project("{FAE04EC0-301F-11D3-BF4B-00C04F79EFBC}") = "mojofawad.Shared", "..\..\mojofawad\src\mojofawad.Shared\mojofawad.Shared.csproj", "{530CAAC2-7E78-40EB-9E09-EBD139B26BCF}"
EndProject
Global
	GlobalSection(SolutionConfigurationPlatforms) = preSolution
		Debug|Any CPU = Debug|Any CPU
		Release|Any CPU = Release|Any CPU
	EndGlobalSection
	GlobalSection(NestedProjects) = preSolution
		{EA862E0F-3B78-44B8-8AF4-0D2A35E6373E} = {87C084A1-1808-4637-BAE8-9FFAE4640A68}
		{530CAAC2-7E78-40EB-9E09-EBD139B26BCF} = {5129AA82-6346-4500-A764-CF1D30971622}
	EndGlobalSection
	GlobalSection(ProjectConfigurationPlatforms) = postSolution
		{EA862E0F-3B78-44B8-8AF4-0D2A35E6373E}.Debug|Any CPU.ActiveCfg = Debug|Any CPU
		{EA862E0F-3B78-44B8-8AF4-0D2A35E6373E}.Debug|Any CPU.Build.0 = Debug|Any CPU
		{EA862E0F-3B78-44B8-8AF4-0D2A35E6373E}.Release|Any CPU.ActiveCfg = Release|Any CPU
		{EA862E0F-3B78-44B8-8AF4-0D2A35E6373E}.Release|Any CPU.Build.0 = Release|Any CPU
		{530CAAC2-7E78-40EB-9E09-EBD139B26BCF}.Debug|Any CPU.ActiveCfg = Debug|Any CPU
		{530CAAC2-7E78-40EB-9E09-EBD139B26BCF}.Debug|Any CPU.Build.0 = Debug|Any CPU
		{530CAAC2-7E78-40EB-9E09-EBD139B26BCF}.Release|Any CPU.ActiveCfg = Release|Any CPU
		{530CAAC2-7E78-40EB-9E09-EBD139B26BCF}.Release|Any CPU.Build.0 = Release|Any CPU
	EndGlobalSection
EndGlobal
